# This file is generated by running "yarn install" inside your project.
# Manual changes might be lost - proceed with caution!

__metadata:
  version: 6
  cacheKey: 8

"@prisma/client@npm:4.2.1":
  version: 4.2.1
  resolution: "@prisma/client@npm:4.2.1"
  dependencies:
    "@prisma/engines-version": 4.2.0-33.2920a97877e12e055c1333079b8d19cee7f33826
  peerDependencies:
    prisma: "*"
  peerDependenciesMeta:
    prisma:
      optional: true
  checksum: 2eefe7182f2ebc26c35777e9ff22acb9c1d1f6e0988c518b32063d7677d066ab7258d13a0ee851addc77526dc0de9c05a02d5688c55377d65ddee1b6866b9e95
  languageName: node
  linkType: hard

"@prisma/engines-version@npm:4.2.0-33.2920a97877e12e055c1333079b8d19cee7f33826":
  version: 4.2.0-33.2920a97877e12e055c1333079b8d19cee7f33826
  resolution: "@prisma/engines-version@npm:4.2.0-33.2920a97877e12e055c1333079b8d19cee7f33826"
  checksum: 65975c69a361b56a85cf3652c8d7aec7549abe574158e423a64bc0be4bee83fe72ac2abd60133f776f3d410f97e7dc8c5dc516791ec963703cc6f914d378efc4
  languageName: node
  linkType: hard

"@prisma/engines@npm:4.2.1":
  version: 4.2.1
  resolution: "@prisma/engines@npm:4.2.1"
  checksum: 60a13c34412d875f803fbf6452df7dd811b92f9d08e0096629841f404b14e9830ff2e487c8e462d710a1a38a6b0a202e60369d804d0251ae139376772c64f00a
  languageName: node
  linkType: hard

"@types/amqplib@npm:^0.8.2":
  version: 0.8.2
  resolution: "@types/amqplib@npm:0.8.2"
  dependencies:
    "@types/bluebird": "*"
    "@types/node": "*"
  checksum: 8b30e22cf890631637ad40fa8eda3323d3ca156c18f23a59c10befd96beab0c046f3f7c2c0a196fc36a669d848b09999ca1f5a0fa2620009656f028667e2bdb8
  languageName: node
  linkType: hard

"@types/bluebird@npm:*":
  version: 3.5.36
  resolution: "@types/bluebird@npm:3.5.36"
  checksum: efe7484e1f6c3443c083f052efb7688b461a9f43899b1891c10b1faf92e4932d686265d10c3e02b8c8fe0c8c371774e6a55ff6eec5e79525390a1ddeee7eb41b
  languageName: node
  linkType: hard

"@types/body-parser@npm:*":
  version: 1.19.2
  resolution: "@types/body-parser@npm:1.19.2"
  dependencies:
    "@types/connect": "*"
    "@types/node": "*"
  checksum: e17840c7d747a549f00aebe72c89313d09fbc4b632b949b2470c5cb3b1cb73863901ae84d9335b567a79ec5efcfb8a28ff8e3f36bc8748a9686756b6d5681f40
  languageName: node
  linkType: hard

"@types/connect@npm:*":
  version: 3.4.35
  resolution: "@types/connect@npm:3.4.35"
  dependencies:
    "@types/node": "*"
  checksum: fe81351470f2d3165e8b12ce33542eef89ea893e36dd62e8f7d72566dfb7e448376ae962f9f3ea888547ce8b55a40020ca0e01d637fab5d99567673084542641
  languageName: node
  linkType: hard

"@types/express-rate-limit@npm:3":
  version: 3.3.5
  resolution: "@types/express-rate-limit@npm:3.3.5"
  dependencies:
    "@types/express": "*"
  checksum: 91f9a881ede6c74795705d1c9c2078bb29431a87f43540f77f46d7158aaf770c68e12ac3e2b987713f00817051aa4b6c65516aaf946309081c7c9d72148d00e8
  languageName: node
  linkType: hard

"@types/express-rate-limit@npm:^5.1.3":
  version: 5.1.3
  resolution: "@types/express-rate-limit@npm:5.1.3"
  dependencies:
    "@types/express": "*"
  checksum: 44c0b79e48a9416309459e4aad7dbac6bdf0e1777ed2d9620d1512eecfacbd32d7d1b86789c116ced32e926b595ea55d212076b46ea934676ab352e260233686
  languageName: node
  linkType: hard

"@types/express-serve-static-core@npm:^4.17.18":
  version: 4.17.30
  resolution: "@types/express-serve-static-core@npm:4.17.30"
  dependencies:
    "@types/node": "*"
    "@types/qs": "*"
    "@types/range-parser": "*"
  checksum: c40d9027884ab9e97fa29d9d41d1b75a5966109312e26594cf03c61b278b5bf8e095f53589e47899b34a2e224291a44043617695c3e8bd22284f988e48582ee6
  languageName: node
  linkType: hard

"@types/express-slow-down@npm:^1.3.1":
  version: 1.3.2
  resolution: "@types/express-slow-down@npm:1.3.2"
  dependencies:
    "@types/express": "*"
  checksum: 609f1cfde907414d046917c85e9318ba3410e2d60572cd160b2b86fa6199d465ffc278617252edc241ddf8cee98432d1e9d5e2f89a678011b38d2ad7c441cfd0
  languageName: node
  linkType: hard

"@types/express@npm:*, @types/express@npm:^4.17.13":
  version: 4.17.13
  resolution: "@types/express@npm:4.17.13"
  dependencies:
    "@types/body-parser": "*"
    "@types/express-serve-static-core": ^4.17.18
    "@types/qs": "*"
    "@types/serve-static": "*"
  checksum: 12a2a0e6c4b993fc0854bec665906788aea0d8ee4392389d7a98a5de1eefdd33c9e1e40a91f3afd274011119c506f7b4126acb97fae62ae20b654974d44cba12
  languageName: node
  linkType: hard

"@types/ioredis@npm:*, @types/ioredis@npm:^4.28.1":
  version: 4.28.10
  resolution: "@types/ioredis@npm:4.28.10"
  dependencies:
    "@types/node": "*"
  checksum: 0f2788cf25f490d3b345db8c5f8b8ce3f6c92cc99abcf744c8f974f02b9b3875233b3d22098614c462a0d6c41c523bd655509418ea88eb6249db6652290ce7cf
  languageName: node
  linkType: hard

"@types/mime@npm:*":
  version: 3.0.1
  resolution: "@types/mime@npm:3.0.1"
  checksum: 4040fac73fd0cea2460e29b348c1a6173da747f3a87da0dbce80dd7a9355a3d0e51d6d9a401654f3e5550620e3718b5a899b2ec1debf18424e298a2c605346e7
  languageName: node
  linkType: hard

"@types/node@npm:*":
  version: 18.7.11
  resolution: "@types/node@npm:18.7.11"
  checksum: 66f200a5595d94285fa2052d29048b328acd729ace4be3516d3d2c1736ab33b5cbf698bec70afc5c6101e5df6c9867e3ec3a091dd937886c1e7a712ddde60f69
  languageName: node
  linkType: hard

"@types/node@npm:^16.10.2":
  version: 16.11.55
  resolution: "@types/node@npm:16.11.55"
  checksum: fec4e9619ee231cb2623ca470a867d8758fc52f4bf6275f4b412378de590d933dcdb411eb75607a85ce85c2fdf0dc969ee4e044c167097d4556890917e8550ef
  languageName: node
  linkType: hard

"@types/qs@npm:*":
  version: 6.9.7
  resolution: "@types/qs@npm:6.9.7"
  checksum: 7fd6f9c25053e9b5bb6bc9f9f76c1d89e6c04f7707a7ba0e44cc01f17ef5284adb82f230f542c2d5557d69407c9a40f0f3515e8319afd14e1e16b5543ac6cdba
  languageName: node
  linkType: hard

"@types/range-parser@npm:*":
  version: 1.2.4
  resolution: "@types/range-parser@npm:1.2.4"
  checksum: b7c0dfd5080a989d6c8bb0b6750fc0933d9acabeb476da6fe71d8bdf1ab65e37c136169d84148034802f48378ab94e3c37bb4ef7656b2bec2cb9c0f8d4146a95
  languageName: node
  linkType: hard

"@types/rate-limit-redis@npm:^1.7.2":
  version: 1.7.4
  resolution: "@types/rate-limit-redis@npm:1.7.4"
  dependencies:
    "@types/express-rate-limit": 3
    "@types/ioredis": "*"
    "@types/redis": ^2.8.0
  checksum: a7c449b0b920674733d76206b1610a81ba9a71ad5e2e3fb67003acbf66d7c68a729a9a06fef98b2dd1f80e8fb6db6f9341f19ff437e5fcc36b8cb7ef9a8917ef
  languageName: node
  linkType: hard

"@types/redis@npm:^2.8.0":
  version: 2.8.32
  resolution: "@types/redis@npm:2.8.32"
  dependencies:
    "@types/node": "*"
  checksum: 2b12103e05977941870c9a248f6ea51f4b7ad7e0f16a7403799c2ed1b3e63b60f693c39f9186be0ea02776934c4595ddcd2a5bde41e530aaad42d26449f6a669
  languageName: node
  linkType: hard

"@types/serve-static@npm:*":
  version: 1.15.0
  resolution: "@types/serve-static@npm:1.15.0"
  dependencies:
    "@types/mime": "*"
    "@types/node": "*"
  checksum: b6ac93d471fb0f53ddcac1f9b67572a09cd62806f7db5855244b28f6f421139626f24799392566e97d1ffc61b12f9de7f30380c39fcae3c8a161fe161d44edf2
  languageName: node
  linkType: hard

"accepts@npm:~1.3.8":
  version: 1.3.8
  resolution: "accepts@npm:1.3.8"
  dependencies:
    mime-types: ~2.1.34
    negotiator: 0.6.3
  checksum: 50c43d32e7b50285ebe84b613ee4a3aa426715a7d131b65b786e2ead0fd76b6b60091b9916d3478a75f11f162628a2139991b6c03ab3f1d9ab7c86075dc8eab4
  languageName: node
  linkType: hard

"amqplib@npm:^0.8.0":
  version: 0.8.0
  resolution: "amqplib@npm:0.8.0"
  dependencies:
    bitsyntax: ~0.1.0
    bluebird: ^3.7.2
    buffer-more-ints: ~1.0.0
    readable-stream: 1.x >=1.1.9
    safe-buffer: ~5.2.1
    url-parse: ~1.5.1
  checksum: fc8f227769f0d3a731eeeb9732b862b651810cef763ddf402b97a923bb1818b6739dc6a031cabe8ee0940192b5f3949e2320f76a87ed8f71425a429512c8d4d1
  languageName: node
  linkType: hard

"array-flatten@npm:1.1.1":
  version: 1.1.1
  resolution: "array-flatten@npm:1.1.1"
  checksum: a9925bf3512d9dce202112965de90c222cd59a4fbfce68a0951d25d965cf44642931f40aac72309c41f12df19afa010ecadceb07cfff9ccc1621e99d89ab5f3b
  languageName: node
  linkType: hard

"axios@npm:^0.22.0":
  version: 0.22.0
  resolution: "axios@npm:0.22.0"
  dependencies:
    follow-redirects: ^1.14.4
  checksum: 83dc4d02e180f69aa9f0d1d0d50b84ec3603517230d58b4c3720ebd440c7e64ea86c5e892dc6e19061608e8e1103504a709d8baa4051c4b7652101b523d04b63
  languageName: node
  linkType: hard

"balanced-match@npm:^1.0.0":
  version: 1.0.2
  resolution: "balanced-match@npm:1.0.2"
  checksum: 9706c088a283058a8a99e0bf91b0a2f75497f185980d9ffa8b304de1d9e58ebda7c72c07ebf01dadedaac5b2907b2c6f566f660d62bd336c3468e960403b9d65
  languageName: node
  linkType: hard

"bitsyntax@npm:~0.1.0":
  version: 0.1.0
  resolution: "bitsyntax@npm:0.1.0"
  dependencies:
    buffer-more-ints: ~1.0.0
    debug: ~2.6.9
    safe-buffer: ~5.1.2
  checksum: b9f1548eeea950a59021b58bd2caf0bc402de94e2797fa274ed5a57dfc54240a9acbf2115b342e698c7e398949c6a13e87fb9da15388e9d007411080dd195f07
  languageName: node
  linkType: hard

"bluebird@npm:^3.7.2":
  version: 3.7.2
  resolution: "bluebird@npm:3.7.2"
  checksum: 869417503c722e7dc54ca46715f70e15f4d9c602a423a02c825570862d12935be59ed9c7ba34a9b31f186c017c23cac6b54e35446f8353059c101da73eac22ef
  languageName: node
  linkType: hard

"body-parser@npm:1.20.0, body-parser@npm:^1.19.0":
  version: 1.20.0
  resolution: "body-parser@npm:1.20.0"
  dependencies:
    bytes: 3.1.2
    content-type: ~1.0.4
    debug: 2.6.9
    depd: 2.0.0
    destroy: 1.2.0
    http-errors: 2.0.0
    iconv-lite: 0.4.24
    on-finished: 2.4.1
    qs: 6.10.3
    raw-body: 2.5.1
    type-is: ~1.6.18
    unpipe: 1.0.0
  checksum: 12fffdeac82fe20dddcab7074215d5156e7d02a69ae90cbe9fee1ca3efa2f28ef52097cbea76685ee0a1509c71d85abd0056a08e612c09077cad6277a644cf88
  languageName: node
  linkType: hard

"brace-expansion@npm:^1.1.7":
  version: 1.1.11
  resolution: "brace-expansion@npm:1.1.11"
  dependencies:
    balanced-match: ^1.0.0
    concat-map: 0.0.1
  checksum: faf34a7bb0c3fcf4b59c7808bc5d2a96a40988addf2e7e09dfbb67a2251800e0d14cd2bfc1aa79174f2f5095c54ff27f46fb1289fe2d77dac755b5eb3434cc07
  languageName: node
  linkType: hard

"buffer-more-ints@npm:~1.0.0":
  version: 1.0.0
  resolution: "buffer-more-ints@npm:1.0.0"
  checksum: f6e88dade08a6d36f32d5f3ece141583a4f61d6c36970b16f4699bd00cfe95d4015525c2a741cf46eb918acfd61cac95683fb995189fd65c13b14949c90bfe75
  languageName: node
  linkType: hard

"bytes@npm:3.1.2":
  version: 3.1.2
  resolution: "bytes@npm:3.1.2"
  checksum: e4bcd3948d289c5127591fbedf10c0b639ccbf00243504e4e127374a15c3bc8eed0d28d4aaab08ff6f1cf2abc0cce6ba3085ed32f4f90e82a5683ce0014e1b6e
  languageName: node
  linkType: hard

"call-bind@npm:^1.0.0":
  version: 1.0.2
  resolution: "call-bind@npm:1.0.2"
  dependencies:
    function-bind: ^1.1.1
    get-intrinsic: ^1.0.2
  checksum: f8e31de9d19988a4b80f3e704788c4a2d6b6f3d17cfec4f57dc29ced450c53a49270dc66bf0fbd693329ee948dd33e6c90a329519aef17474a4d961e8d6426b0
  languageName: node
  linkType: hard

"clone@npm:^1.0.2":
  version: 1.0.4
  resolution: "clone@npm:1.0.4"
  checksum: d06418b7335897209e77bdd430d04f882189582e67bd1f75a04565f3f07f5b3f119a9d670c943b6697d0afb100f03b866b3b8a1f91d4d02d72c4ecf2bb64b5dd
  languageName: node
  linkType: hard

"cluster-key-slot@npm:^1.1.0":
  version: 1.1.0
  resolution: "cluster-key-slot@npm:1.1.0"
  checksum: fc953c75209b1ef9088081bab4e40a0b2586491c974ab93460569c014515ca5a2e31c043f185285e177007162fc353d07836d98f570c171dbe055775430e495b
  languageName: node
  linkType: hard

"concat-map@npm:0.0.1":
  version: 0.0.1
  resolution: "concat-map@npm:0.0.1"
  checksum: 902a9f5d8967a3e2faf138d5cb784b9979bad2e6db5357c5b21c568df4ebe62bcb15108af1b2253744844eb964fc023fbd9afbbbb6ddd0bcc204c6fb5b7bf3af
  languageName: node
  linkType: hard

"content-disposition@npm:0.5.4":
  version: 0.5.4
  resolution: "content-disposition@npm:0.5.4"
  dependencies:
    safe-buffer: 5.2.1
  checksum: afb9d545e296a5171d7574fcad634b2fdf698875f4006a9dd04a3e1333880c5c0c98d47b560d01216fb6505a54a2ba6a843ee3a02ec86d7e911e8315255f56c3
  languageName: node
  linkType: hard

"content-type@npm:~1.0.4":
  version: 1.0.4
  resolution: "content-type@npm:1.0.4"
  checksum: 3d93585fda985d1554eca5ebd251994327608d2e200978fdbfba21c0c679914d5faf266d17027de44b34a72c7b0745b18584ecccaa7e1fdfb6a68ac7114f12e0
  languageName: node
  linkType: hard

"cookie-signature@npm:1.0.6":
  version: 1.0.6
  resolution: "cookie-signature@npm:1.0.6"
  checksum: f4e1b0a98a27a0e6e66fd7ea4e4e9d8e038f624058371bf4499cfcd8f3980be9a121486995202ba3fca74fbed93a407d6d54d43a43f96fd28d0bd7a06761591a
  languageName: node
  linkType: hard

"cookie@npm:0.5.0":
  version: 0.5.0
  resolution: "cookie@npm:0.5.0"
  checksum: 1f4bd2ca5765f8c9689a7e8954183f5332139eb72b6ff783d8947032ec1fdf43109852c178e21a953a30c0dd42257828185be01b49d1eb1a67fd054ca588a180
  languageName: node
  linkType: hard

"core-util-is@npm:~1.0.0":
  version: 1.0.3
  resolution: "core-util-is@npm:1.0.3"
  checksum: 9de8597363a8e9b9952491ebe18167e3b36e7707569eed0ebf14f8bba773611376466ae34575bca8cfe3c767890c859c74056084738f09d4e4a6f902b2ad7d99
  languageName: node
  linkType: hard

"debug@npm:2.6.9, debug@npm:~2.6.9":
  version: 2.6.9
  resolution: "debug@npm:2.6.9"
  dependencies:
    ms: 2.0.0
  checksum: d2f51589ca66df60bf36e1fa6e4386b318c3f1e06772280eea5b1ae9fd3d05e9c2b7fd8a7d862457d00853c75b00451aa2d7459b924629ee385287a650f58fe6
  languageName: node
  linkType: hard

"debug@npm:^4.3.1":
  version: 4.3.4
  resolution: "debug@npm:4.3.4"
  dependencies:
    ms: 2.1.2
  peerDependenciesMeta:
    supports-color:
      optional: true
  checksum: 3dbad3f94ea64f34431a9cbf0bafb61853eda57bff2880036153438f50fb5a84f27683ba0d8e5426bf41a8c6ff03879488120cf5b3a761e77953169c0600a708
  languageName: node
  linkType: hard

"defaults@npm:^1.0.3":
  version: 1.0.3
  resolution: "defaults@npm:1.0.3"
  dependencies:
    clone: ^1.0.2
  checksum: 96e2112da6553d376afd5265ea7cbdb2a3b45535965d71ab8bb1da10c8126d168fdd5268799625324b368356d21ba2a7b3d4ec50961f11a47b7feb9de3d4413e
  languageName: node
  linkType: hard

"denque@npm:^1.1.0, denque@npm:^1.5.0":
  version: 1.5.1
  resolution: "denque@npm:1.5.1"
  checksum: 4375ad19d5cea99f90effa82a8cecdaa10f4eb261fbcd7e47cd753ff2737f037aac8f7f4e031cc77f3966314c491c86a0d3b20c128aeee57f791b4662c45108e
  languageName: node
  linkType: hard

"depd@npm:2.0.0":
  version: 2.0.0
  resolution: "depd@npm:2.0.0"
  checksum: abbe19c768c97ee2eed6282d8ce3031126662252c58d711f646921c9623f9052e3e1906443066beec1095832f534e57c523b7333f8e7e0d93051ab6baef5ab3a
  languageName: node
  linkType: hard

"destroy@npm:1.2.0":
  version: 1.2.0
  resolution: "destroy@npm:1.2.0"
  checksum: 0acb300b7478a08b92d810ab229d5afe0d2f4399272045ab22affa0d99dbaf12637659411530a6fcd597a9bdac718fc94373a61a95b4651bbc7b83684a565e38
  languageName: node
  linkType: hard

"ee-first@npm:1.1.1":
  version: 1.1.1
  resolution: "ee-first@npm:1.1.1"
  checksum: 1b4cac778d64ce3b582a7e26b218afe07e207a0f9bfe13cc7395a6d307849cfe361e65033c3251e00c27dd060cab43014c2d6b2647676135e18b77d2d05b3f4f
  languageName: node
  linkType: hard

"encodeurl@npm:~1.0.2":
  version: 1.0.2
  resolution: "encodeurl@npm:1.0.2"
  checksum: e50e3d508cdd9c4565ba72d2012e65038e5d71bdc9198cb125beb6237b5b1ade6c0d343998da9e170fb2eae52c1bed37d4d6d98a46ea423a0cddbed5ac3f780c
  languageName: node
  linkType: hard

"escape-html@npm:~1.0.3":
  version: 1.0.3
  resolution: "escape-html@npm:1.0.3"
  checksum: 6213ca9ae00d0ab8bccb6d8d4e0a98e76237b2410302cf7df70aaa6591d509a2a37ce8998008cbecae8fc8ffaadf3fb0229535e6a145f3ce0b211d060decbb24
  languageName: node
  linkType: hard

"etag@npm:~1.8.1":
  version: 1.8.1
  resolution: "etag@npm:1.8.1"
  checksum: 571aeb3dbe0f2bbd4e4fadbdb44f325fc75335cd5f6f6b6a091e6a06a9f25ed5392f0863c5442acb0646787446e816f13cbfc6edce5b07658541dff573cab1ff
  languageName: node
  linkType: hard

"express-async-errors@npm:^3.1.1":
  version: 3.1.1
  resolution: "express-async-errors@npm:3.1.1"
  peerDependencies:
    express: ^4.16.2
  checksum: 3a2a6df8ea957185df401a239189d617715c38fba13fac8ced7750b25fa95b0ae656e5d1385d12d0e4dcd7997e90d070b218e86abcf8e68bb6048830b53ba668
  languageName: node
  linkType: hard

"express-slow-down@npm:^1.4.0":
  version: 1.4.0
  resolution: "express-slow-down@npm:1.4.0"
  dependencies:
    defaults: ^1.0.3
  checksum: 8afa71ce29a21ba253ad9c351b3714eff6fc760841e3b6d323535d9f37cbec2031fd30282d2e31b14f56d1c82b9e2ece4c1cc1d6a1776c02446effe12e645938
  languageName: node
  linkType: hard

"express@npm:^4.17.1":
  version: 4.18.1
  resolution: "express@npm:4.18.1"
  dependencies:
    accepts: ~1.3.8
    array-flatten: 1.1.1
    body-parser: 1.20.0
    content-disposition: 0.5.4
    content-type: ~1.0.4
    cookie: 0.5.0
    cookie-signature: 1.0.6
    debug: 2.6.9
    depd: 2.0.0
    encodeurl: ~1.0.2
    escape-html: ~1.0.3
    etag: ~1.8.1
    finalhandler: 1.2.0
    fresh: 0.5.2
    http-errors: 2.0.0
    merge-descriptors: 1.0.1
    methods: ~1.1.2
    on-finished: 2.4.1
    parseurl: ~1.3.3
    path-to-regexp: 0.1.7
    proxy-addr: ~2.0.7
    qs: 6.10.3
    range-parser: ~1.2.1
    safe-buffer: 5.2.1
    send: 0.18.0
    serve-static: 1.15.0
    setprototypeof: 1.2.0
    statuses: 2.0.1
    type-is: ~1.6.18
    utils-merge: 1.0.1
    vary: ~1.1.2
  checksum: c3d44c92e48226ef32ec978becfedb0ecf0ca21316bfd33674b3c5d20459840584f2325726a4f17f33d9c99f769636f728982d1c5433a5b6fe6eb95b8cf0c854
  languageName: node
  linkType: hard

"finalhandler@npm:1.2.0":
  version: 1.2.0
  resolution: "finalhandler@npm:1.2.0"
  dependencies:
    debug: 2.6.9
    encodeurl: ~1.0.2
    escape-html: ~1.0.3
    on-finished: 2.4.1
    parseurl: ~1.3.3
    statuses: 2.0.1
    unpipe: ~1.0.0
  checksum: 92effbfd32e22a7dff2994acedbd9bcc3aa646a3e919ea6a53238090e87097f8ef07cced90aa2cc421abdf993aefbdd5b00104d55c7c5479a8d00ed105b45716
  languageName: node
  linkType: hard

"follow-redirects@npm:^1.14.4":
  version: 1.15.1
  resolution: "follow-redirects@npm:1.15.1"
  peerDependenciesMeta:
    debug:
      optional: true
  checksum: 6aa4e3e3cdfa3b9314801a1cd192ba756a53479d9d8cca65bf4db3a3e8834e62139245cd2f9566147c8dfe2efff1700d3e6aefd103de4004a7b99985e71dd533
  languageName: node
  linkType: hard

"forwarded@npm:0.2.0":
  version: 0.2.0
  resolution: "forwarded@npm:0.2.0"
  checksum: fd27e2394d8887ebd16a66ffc889dc983fbbd797d5d3f01087c020283c0f019a7d05ee85669383d8e0d216b116d720fc0cef2f6e9b7eb9f4c90c6e0bc7fd28e6
  languageName: node
  linkType: hard

"fresh@npm:0.5.2":
  version: 0.5.2
  resolution: "fresh@npm:0.5.2"
  checksum: 13ea8b08f91e669a64e3ba3a20eb79d7ca5379a81f1ff7f4310d54e2320645503cc0c78daedc93dfb6191287295f6479544a649c64d8e41a1c0fb0c221552346
  languageName: node
  linkType: hard

"fs.realpath@npm:^1.0.0":
  version: 1.0.0
  resolution: "fs.realpath@npm:1.0.0"
  checksum: 99ddea01a7e75aa276c250a04eedeffe5662bce66c65c07164ad6264f9de18fb21be9433ead460e54cff20e31721c811f4fb5d70591799df5f85dce6d6746fd0
  languageName: node
  linkType: hard

"function-bind@npm:^1.1.1":
  version: 1.1.1
  resolution: "function-bind@npm:1.1.1"
  checksum: b32fbaebb3f8ec4969f033073b43f5c8befbb58f1a79e12f1d7490358150359ebd92f49e72ff0144f65f2c48ea2a605bff2d07965f548f6474fd8efd95bf361a
  languageName: node
  linkType: hard

"get-intrinsic@npm:^1.0.2":
  version: 1.1.2
  resolution: "get-intrinsic@npm:1.1.2"
  dependencies:
    function-bind: ^1.1.1
    has: ^1.0.3
    has-symbols: ^1.0.3
  checksum: 252f45491f2ba88ebf5b38018020c7cc3279de54b1d67ffb70c0cdf1dfa8ab31cd56467b5d117a8b4275b7a4dde91f86766b163a17a850f036528a7b2faafb2b
  languageName: node
  linkType: hard

"glob@npm:^7.1.3":
  version: 7.2.3
  resolution: "glob@npm:7.2.3"
  dependencies:
    fs.realpath: ^1.0.0
    inflight: ^1.0.4
    inherits: 2
    minimatch: ^3.1.1
    once: ^1.3.0
    path-is-absolute: ^1.0.0
  checksum: 29452e97b38fa704dabb1d1045350fb2467cf0277e155aa9ff7077e90ad81d1ea9d53d3ee63bd37c05b09a065e90f16aec4a65f5b8de401d1dac40bc5605d133
  languageName: node
  linkType: hard

"has-symbols@npm:^1.0.3":
  version: 1.0.3
  resolution: "has-symbols@npm:1.0.3"
  checksum: a054c40c631c0d5741a8285010a0777ea0c068f99ed43e5d6eb12972da223f8af553a455132fdb0801bdcfa0e0f443c0c03a68d8555aa529b3144b446c3f2410
  languageName: node
  linkType: hard

"has@npm:^1.0.3":
  version: 1.0.3
  resolution: "has@npm:1.0.3"
  dependencies:
    function-bind: ^1.1.1
  checksum: b9ad53d53be4af90ce5d1c38331e712522417d017d5ef1ebd0507e07c2fbad8686fffb8e12ddecd4c39ca9b9b47431afbb975b8abf7f3c3b82c98e9aad052792
  languageName: node
  linkType: hard

"helmet@npm:^4.6.0":
  version: 4.6.0
  resolution: "helmet@npm:4.6.0"
  checksum: 139ad678d1cab207b043c206f50f6744eff2ef1f463e4626d36718b45b337485c77d10260ef9d89d292fa678da5153d86b08172b3b365cc8e680241015ed3a49
  languageName: node
  linkType: hard

"http-errors@npm:2.0.0":
  version: 2.0.0
  resolution: "http-errors@npm:2.0.0"
  dependencies:
    depd: 2.0.0
    inherits: 2.0.4
    setprototypeof: 1.2.0
    statuses: 2.0.1
    toidentifier: 1.0.1
  checksum: 9b0a3782665c52ce9dc658a0d1560bcb0214ba5699e4ea15aefb2a496e2ca83db03ebc42e1cce4ac1f413e4e0d2d736a3fd755772c556a9a06853ba2a0b7d920
  languageName: node
  linkType: hard

"iconv-lite@npm:0.4.24":
  version: 0.4.24
  resolution: "iconv-lite@npm:0.4.24"
  dependencies:
    safer-buffer: ">= 2.1.2 < 3"
  checksum: bd9f120f5a5b306f0bc0b9ae1edeb1577161503f5f8252a20f1a9e56ef8775c9959fd01c55f2d3a39d9a8abaf3e30c1abeb1895f367dcbbe0a8fd1c9ca01c4f6
  languageName: node
  linkType: hard

"inflight@npm:^1.0.4":
  version: 1.0.6
  resolution: "inflight@npm:1.0.6"
  dependencies:
    once: ^1.3.0
    wrappy: 1
  checksum: f4f76aa072ce19fae87ce1ef7d221e709afb59d445e05d47fba710e85470923a75de35bfae47da6de1b18afc3ce83d70facf44cfb0aff89f0a3f45c0a0244dfd
  languageName: node
  linkType: hard

"inherits@npm:2, inherits@npm:2.0.4, inherits@npm:~2.0.1":
  version: 2.0.4
  resolution: "inherits@npm:2.0.4"
  checksum: 4a48a733847879d6cf6691860a6b1e3f0f4754176e4d71494c41f3475553768b10f84b5ce1d40fbd0e34e6bfbb864ee35858ad4dd2cf31e02fc4a154b724d7f1
  languageName: node
  linkType: hard

"ioredis@npm:^4.28.1":
  version: 4.28.5
  resolution: "ioredis@npm:4.28.5"
  dependencies:
    cluster-key-slot: ^1.1.0
    debug: ^4.3.1
    denque: ^1.1.0
    lodash.defaults: ^4.2.0
    lodash.flatten: ^4.4.0
    lodash.isarguments: ^3.1.0
    p-map: ^2.1.0
    redis-commands: 1.7.0
    redis-errors: ^1.2.0
    redis-parser: ^3.0.0
    standard-as-callback: ^2.1.0
  checksum: a8793c3324cd69fa55b4baacbda118ce6724e574260157761276b31411dd3e168c75490f7155c6ce34d79e01488efa98e0cdb162991970fd56da7cbcdafb8fb8
  languageName: node
  linkType: hard

"ipaddr.js@npm:1.9.1":
  version: 1.9.1
  resolution: "ipaddr.js@npm:1.9.1"
  checksum: f88d3825981486f5a1942414c8d77dd6674dd71c065adcfa46f578d677edcb99fda25af42675cb59db492fdf427b34a5abfcde3982da11a8fd83a500b41cfe77
  languageName: node
  linkType: hard

"isarray@npm:0.0.1":
  version: 0.0.1
  resolution: "isarray@npm:0.0.1"
  checksum: 49191f1425681df4a18c2f0f93db3adb85573bcdd6a4482539d98eac9e705d8961317b01175627e860516a2fc45f8f9302db26e5a380a97a520e272e2a40a8d4
  languageName: node
  linkType: hard

"lodash.defaults@npm:^4.2.0":
  version: 4.2.0
  resolution: "lodash.defaults@npm:4.2.0"
  checksum: 84923258235592c8886e29de5491946ff8c2ae5c82a7ac5cddd2e3cb697e6fbdfbbb6efcca015795c86eec2bb953a5a2ee4016e3735a3f02720428a40efbb8f1
  languageName: node
  linkType: hard

"lodash.flatten@npm:^4.4.0":
  version: 4.4.0
  resolution: "lodash.flatten@npm:4.4.0"
  checksum: 0ac34a393d4b795d4b7421153d27c13ae67e08786c9cbb60ff5b732210d46f833598eee3fb3844bb10070e8488efe390ea53bb567377e0cb47e9e630bf0811cb
  languageName: node
  linkType: hard

"lodash.isarguments@npm:^3.1.0":
  version: 3.1.0
  resolution: "lodash.isarguments@npm:3.1.0"
  checksum: ae1526f3eb5c61c77944b101b1f655f846ecbedcb9e6b073526eba6890dc0f13f09f72e11ffbf6540b602caee319af9ac363d6cdd6be41f4ee453436f04f13b5
  languageName: node
  linkType: hard

"media-typer@npm:0.3.0":
  version: 0.3.0
  resolution: "media-typer@npm:0.3.0"
  checksum: af1b38516c28ec95d6b0826f6c8f276c58aec391f76be42aa07646b4e39d317723e869700933ca6995b056db4b09a78c92d5440dc23657e6764be5d28874bba1
  languageName: node
  linkType: hard

"merge-descriptors@npm:1.0.1":
  version: 1.0.1
  resolution: "merge-descriptors@npm:1.0.1"
  checksum: 5abc259d2ae25bb06d19ce2b94a21632583c74e2a9109ee1ba7fd147aa7362b380d971e0251069f8b3eb7d48c21ac839e21fa177b335e82c76ec172e30c31a26
  languageName: node
  linkType: hard

"methods@npm:~1.1.2":
  version: 1.1.2
  resolution: "methods@npm:1.1.2"
  checksum: 0917ff4041fa8e2f2fda5425a955fe16ca411591fbd123c0d722fcf02b73971ed6f764d85f0a6f547ce49ee0221ce2c19a5fa692157931cecb422984f1dcd13a
  languageName: node
  linkType: hard

"mime-db@npm:1.52.0":
  version: 1.52.0
  resolution: "mime-db@npm:1.52.0"
  checksum: 0d99a03585f8b39d68182803b12ac601d9c01abfa28ec56204fa330bc9f3d1c5e14beb049bafadb3dbdf646dfb94b87e24d4ec7b31b7279ef906a8ea9b6a513f
  languageName: node
  linkType: hard

"mime-types@npm:~2.1.24, mime-types@npm:~2.1.34":
  version: 2.1.35
  resolution: "mime-types@npm:2.1.35"
  dependencies:
    mime-db: 1.52.0
  checksum: 89a5b7f1def9f3af5dad6496c5ed50191ae4331cc5389d7c521c8ad28d5fdad2d06fd81baf38fed813dc4e46bb55c8145bb0ff406330818c9cf712fb2e9b3836
  languageName: node
  linkType: hard

"mime@npm:1.6.0":
  version: 1.6.0
  resolution: "mime@npm:1.6.0"
  bin:
    mime: cli.js
  checksum: fef25e39263e6d207580bdc629f8872a3f9772c923c7f8c7e793175cee22777bbe8bba95e5d509a40aaa292d8974514ce634ae35769faa45f22d17edda5e8557
  languageName: node
  linkType: hard

"minimatch@npm:^3.1.1":
  version: 3.1.2
  resolution: "minimatch@npm:3.1.2"
  dependencies:
    brace-expansion: ^1.1.7
  checksum: c154e566406683e7bcb746e000b84d74465b3a832c45d59912b9b55cd50dee66e5c4b1e5566dba26154040e51672f9aa450a9aef0c97cfc7336b78b7afb9540a
  languageName: node
  linkType: hard

"ms@npm:2.0.0":
  version: 2.0.0
  resolution: "ms@npm:2.0.0"
  checksum: 0e6a22b8b746d2e0b65a430519934fefd41b6db0682e3477c10f60c76e947c4c0ad06f63ffdf1d78d335f83edee8c0aa928aa66a36c7cd95b69b26f468d527f4
  languageName: node
  linkType: hard

"ms@npm:2.1.2":
  version: 2.1.2
  resolution: "ms@npm:2.1.2"
  checksum: 673cdb2c3133eb050c745908d8ce632ed2c02d85640e2edb3ace856a2266a813b30c613569bf3354fdf4ea7d1a1494add3bfa95e2713baa27d0c2c71fc44f58f
  languageName: node
  linkType: hard

"ms@npm:2.1.3":
  version: 2.1.3
  resolution: "ms@npm:2.1.3"
  checksum: aa92de608021b242401676e35cfa5aa42dd70cbdc082b916da7fb925c542173e36bce97ea3e804923fe92c0ad991434e4a38327e15a1b5b5f945d66df615ae6d
  languageName: node
  linkType: hard

"negotiator@npm:0.6.3":
  version: 0.6.3
  resolution: "negotiator@npm:0.6.3"
  checksum: b8ffeb1e262eff7968fc90a2b6767b04cfd9842582a9d0ece0af7049537266e7b2506dfb1d107a32f06dd849ab2aea834d5830f7f4d0e5cb7d36e1ae55d021d9
  languageName: node
  linkType: hard

"object-inspect@npm:^1.9.0":
  version: 1.12.2
  resolution: "object-inspect@npm:1.12.2"
  checksum: a534fc1b8534284ed71f25ce3a496013b7ea030f3d1b77118f6b7b1713829262be9e6243acbcb3ef8c626e2b64186112cb7f6db74e37b2789b9c789ca23048b2
  languageName: node
  linkType: hard

"on-finished@npm:2.4.1":
  version: 2.4.1
  resolution: "on-finished@npm:2.4.1"
  dependencies:
    ee-first: 1.1.1
  checksum: d20929a25e7f0bb62f937a425b5edeb4e4cde0540d77ba146ec9357f00b0d497cdb3b9b05b9c8e46222407d1548d08166bff69cc56dfa55ba0e4469228920ff0
  languageName: node
  linkType: hard

"once@npm:^1.3.0":
  version: 1.4.0
  resolution: "once@npm:1.4.0"
  dependencies:
    wrappy: 1
  checksum: cd0a88501333edd640d95f0d2700fbde6bff20b3d4d9bdc521bdd31af0656b5706570d6c6afe532045a20bb8dc0849f8332d6f2a416e0ba6d3d3b98806c7db68
  languageName: node
  linkType: hard

"p-map@npm:^2.1.0":
  version: 2.1.0
  resolution: "p-map@npm:2.1.0"
  checksum: 9e3ad3c9f6d75a5b5661bcad78c91f3a63849189737cd75e4f1225bf9ac205194e5c44aac2ef6f09562b1facdb9bd1425584d7ac375bfaa17b3f1a142dab936d
  languageName: node
  linkType: hard

"parseurl@npm:~1.3.3":
  version: 1.3.3
  resolution: "parseurl@npm:1.3.3"
  checksum: 407cee8e0a3a4c5cd472559bca8b6a45b82c124e9a4703302326e9ab60fc1081442ada4e02628efef1eb16197ddc7f8822f5a91fd7d7c86b51f530aedb17dfa2
  languageName: node
  linkType: hard

"path-is-absolute@npm:^1.0.0":
  version: 1.0.1
  resolution: "path-is-absolute@npm:1.0.1"
  checksum: 060840f92cf8effa293bcc1bea81281bd7d363731d214cbe5c227df207c34cd727430f70c6037b5159c8a870b9157cba65e775446b0ab06fd5ecc7e54615a3b8
  languageName: node
  linkType: hard

"path-to-regexp@npm:0.1.7":
  version: 0.1.7
  resolution: "path-to-regexp@npm:0.1.7"
  checksum: 69a14ea24db543e8b0f4353305c5eac6907917031340e5a8b37df688e52accd09e3cebfe1660b70d76b6bd89152f52183f28c74813dbf454ba1a01c82a38abce
  languageName: node
  linkType: hard

"prisma@npm:4.2.1":
  version: 4.2.1
  resolution: "prisma@npm:4.2.1"
  dependencies:
    "@prisma/engines": 4.2.1
  bin:
    prisma: build/index.js
    prisma2: build/index.js
  checksum: 7f6fa164e153aa09f28f90420756831bb275a123ee0691fdd70bccee193ccc1d537cd14394cdf2ad549bb8773e06704025664948275d17f0fe4c139a470848e1
  languageName: node
  linkType: hard

"proxy-addr@npm:~2.0.7":
  version: 2.0.7
  resolution: "proxy-addr@npm:2.0.7"
  dependencies:
    forwarded: 0.2.0
    ipaddr.js: 1.9.1
  checksum: 29c6990ce9364648255454842f06f8c46fcd124d3e6d7c5066df44662de63cdc0bad032e9bf5a3d653ff72141cc7b6019873d685708ac8210c30458ad99f2b74
  languageName: node
  linkType: hard

"qs@npm:6.10.3":
  version: 6.10.3
  resolution: "qs@npm:6.10.3"
  dependencies:
    side-channel: ^1.0.4
  checksum: 0fac5e6c7191d0295a96d0e83c851aeb015df7e990e4d3b093897d3ac6c94e555dbd0a599739c84d7fa46d7fee282d94ba76943983935cf33bba6769539b8019
  languageName: node
  linkType: hard

"querystringify@npm:^2.1.1":
  version: 2.2.0
  resolution: "querystringify@npm:2.2.0"
  checksum: 5641ea231bad7ef6d64d9998faca95611ed4b11c2591a8cae741e178a974f6a8e0ebde008475259abe1621cb15e692404e6b6626e927f7b849d5c09392604b15
  languageName: node
  linkType: hard

"range-parser@npm:~1.2.1":
  version: 1.2.1
  resolution: "range-parser@npm:1.2.1"
  checksum: 0a268d4fea508661cf5743dfe3d5f47ce214fd6b7dec1de0da4d669dd4ef3d2144468ebe4179049eff253d9d27e719c88dae55be64f954e80135a0cada804ec9
  languageName: node
  linkType: hard

"rate-limit-redis@npm:^2.1.0":
  version: 2.1.0
  resolution: "rate-limit-redis@npm:2.1.0"
  dependencies:
    defaults: ^1.0.3
    redis: ^3.0.2
  checksum: c09ce5e86057227dca917f935841b2f2e967f5f72978953447dadb458589313aa6129978aff881acaee8e00dc7a5de5847fe00693c6f30af22977366b210e948
  languageName: node
  linkType: hard

"raw-body@npm:2.5.1":
  version: 2.5.1
  resolution: "raw-body@npm:2.5.1"
  dependencies:
    bytes: 3.1.2
    http-errors: 2.0.0
    iconv-lite: 0.4.24
    unpipe: 1.0.0
  checksum: 5362adff1575d691bb3f75998803a0ffed8c64eabeaa06e54b4ada25a0cd1b2ae7f4f5ec46565d1bec337e08b5ac90c76eaa0758de6f72a633f025d754dec29e
  languageName: node
  linkType: hard

"readable-stream@npm:1.x >=1.1.9":
  version: 1.1.14
  resolution: "readable-stream@npm:1.1.14"
  dependencies:
    core-util-is: ~1.0.0
    inherits: ~2.0.1
    isarray: 0.0.1
    string_decoder: ~0.10.x
  checksum: 17dfeae3e909945a4a1abc5613ea92d03269ef54c49288599507fc98ff4615988a1c39a999dcf9aacba70233d9b7040bc11a5f2bfc947e262dedcc0a8b32b5a0
  languageName: node
  linkType: hard

"redis-commands@npm:1.7.0, redis-commands@npm:^1.7.0":
  version: 1.7.0
  resolution: "redis-commands@npm:1.7.0"
  checksum: d1ff7fbcb5e54768c77f731f1d49679d2a62c3899522c28addb4e2e5813aea8bcac3f22519d71d330224c3f2937f935dfc3d8dc65e90db0f5fe22dc2c1515aa7
  languageName: node
  linkType: hard

"redis-errors@npm:^1.0.0, redis-errors@npm:^1.2.0":
  version: 1.2.0
  resolution: "redis-errors@npm:1.2.0"
  checksum: f28ac2692113f6f9c222670735aa58aeae413464fd58ccf3fce3f700cae7262606300840c802c64f2b53f19f65993da24dc918afc277e9e33ac1ff09edb394f4
  languageName: node
  linkType: hard

"redis-parser@npm:^3.0.0":
  version: 3.0.0
  resolution: "redis-parser@npm:3.0.0"
  dependencies:
    redis-errors: ^1.0.0
  checksum: 89290ae530332f2ae37577647fa18208d10308a1a6ba750b9d9a093e7398f5e5253f19855b64c98757f7129cccce958e4af2573fdc33bad41405f87f1943459a
  languageName: node
  linkType: hard

"redis@npm:^3.0.2":
  version: 3.1.2
  resolution: "redis@npm:3.1.2"
  dependencies:
    denque: ^1.5.0
    redis-commands: ^1.7.0
    redis-errors: ^1.2.0
    redis-parser: ^3.0.0
  checksum: baec42198626b22d2dfc063b6a6f30394daee994c21f380e58ecf91c3edee333c4e32907c30f082fe66d2177695f7b2567902eef399ecb22da3e199ea6363a30
  languageName: node
  linkType: hard

"requires-port@npm:^1.0.0":
  version: 1.0.0
  resolution: "requires-port@npm:1.0.0"
  checksum: eee0e303adffb69be55d1a214e415cf42b7441ae858c76dfc5353148644f6fd6e698926fc4643f510d5c126d12a705e7c8ed7e38061113bdf37547ab356797ff
  languageName: node
  linkType: hard

"rimraf@npm:^3.0.2":
  version: 3.0.2
  resolution: "rimraf@npm:3.0.2"
  dependencies:
    glob: ^7.1.3
  bin:
    rimraf: bin.js
  checksum: 87f4164e396f0171b0a3386cc1877a817f572148ee13a7e113b238e48e8a9f2f31d009a92ec38a591ff1567d9662c6b67fd8818a2dbbaed74bc26a87a2a4a9a0
  languageName: node
  linkType: hard

"root-workspace-0b6124@workspace:.":
  version: 0.0.0-use.local
  resolution: "root-workspace-0b6124@workspace:."
  dependencies:
    "@prisma/client": 4.2.1
    "@types/amqplib": ^0.8.2
    "@types/express": ^4.17.13
    "@types/express-rate-limit": ^5.1.3
    "@types/express-slow-down": ^1.3.1
    "@types/ioredis": ^4.28.1
    "@types/node": ^16.10.2
    "@types/rate-limit-redis": ^1.7.2
    amqplib: ^0.8.0
    axios: ^0.22.0
    body-parser: ^1.19.0
    express: ^4.17.1
    express-async-errors: ^3.1.1
    express-slow-down: ^1.4.0
    helmet: ^4.6.0
    ioredis: ^4.28.1
    prisma: 4.2.1
    rate-limit-redis: ^2.1.0
    rimraf: ^3.0.2
    typescript: ^4.4.3
  languageName: unknown
  linkType: soft

"safe-buffer@npm:5.2.1, safe-buffer@npm:~5.2.1":
  version: 5.2.1
  resolution: "safe-buffer@npm:5.2.1"
  checksum: b99c4b41fdd67a6aaf280fcd05e9ffb0813654894223afb78a31f14a19ad220bba8aba1cb14eddce1fcfb037155fe6de4e861784eb434f7d11ed58d1e70dd491
  languageName: node
  linkType: hard

"safe-buffer@npm:~5.1.2":
  version: 5.1.2
  resolution: "safe-buffer@npm:5.1.2"
  checksum: f2f1f7943ca44a594893a852894055cf619c1fbcb611237fc39e461ae751187e7baf4dc391a72125e0ac4fb2d8c5c0b3c71529622e6a58f46b960211e704903c
  languageName: node
  linkType: hard

"safer-buffer@npm:>= 2.1.2 < 3":
  version: 2.1.2
  resolution: "safer-buffer@npm:2.1.2"
  checksum: cab8f25ae6f1434abee8d80023d7e72b598cf1327164ddab31003c51215526801e40b66c5e65d658a0af1e9d6478cadcb4c745f4bd6751f97d8644786c0978b0
  languageName: node
  linkType: hard

"send@npm:0.18.0":
  version: 0.18.0
  resolution: "send@npm:0.18.0"
  dependencies:
    debug: 2.6.9
    depd: 2.0.0
    destroy: 1.2.0
    encodeurl: ~1.0.2
    escape-html: ~1.0.3
    etag: ~1.8.1
    fresh: 0.5.2
    http-errors: 2.0.0
    mime: 1.6.0
    ms: 2.1.3
    on-finished: 2.4.1
    range-parser: ~1.2.1
    statuses: 2.0.1
  checksum: 74fc07ebb58566b87b078ec63e5a3e41ecd987e4272ba67b7467e86c6ad51bc6b0b0154133b6d8b08a2ddda360464f71382f7ef864700f34844a76c8027817a8
  languageName: node
  linkType: hard

"serve-static@npm:1.15.0":
  version: 1.15.0
  resolution: "serve-static@npm:1.15.0"
  dependencies:
    encodeurl: ~1.0.2
    escape-html: ~1.0.3
    parseurl: ~1.3.3
    send: 0.18.0
  checksum: af57fc13be40d90a12562e98c0b7855cf6e8bd4c107fe9a45c212bf023058d54a1871b1c89511c3958f70626fff47faeb795f5d83f8cf88514dbaeb2b724464d
  languageName: node
  linkType: hard

"setprototypeof@npm:1.2.0":
  version: 1.2.0
  resolution: "setprototypeof@npm:1.2.0"
  checksum: be18cbbf70e7d8097c97f713a2e76edf84e87299b40d085c6bf8b65314e994cc15e2e317727342fa6996e38e1f52c59720b53fe621e2eb593a6847bf0356db89
  languageName: node
  linkType: hard

"side-channel@npm:^1.0.4":
  version: 1.0.4
  resolution: "side-channel@npm:1.0.4"
  dependencies:
    call-bind: ^1.0.0
    get-intrinsic: ^1.0.2
    object-inspect: ^1.9.0
  checksum: 351e41b947079c10bd0858364f32bb3a7379514c399edb64ab3dce683933483fc63fb5e4efe0a15a2e8a7e3c436b6a91736ddb8d8c6591b0460a24bb4a1ee245
  languageName: node
  linkType: hard

"standard-as-callback@npm:^2.1.0":
  version: 2.1.0
  resolution: "standard-as-callback@npm:2.1.0"
  checksum: 88bec83ee220687c72d94fd86a98d5272c91d37ec64b66d830dbc0d79b62bfa6e47f53b71646011835fc9ce7fae62739545d13124262b53be4fbb3e2ebad551c
  languageName: node
  linkType: hard

"statuses@npm:2.0.1":
  version: 2.0.1
  resolution: "statuses@npm:2.0.1"
  checksum: 18c7623fdb8f646fb213ca4051be4df7efb3484d4ab662937ca6fbef7ced9b9e12842709872eb3020cc3504b93bde88935c9f6417489627a7786f24f8031cbcb
  languageName: node
  linkType: hard

"string_decoder@npm:~0.10.x":
  version: 0.10.31
  resolution: "string_decoder@npm:0.10.31"
  checksum: fe00f8e303647e5db919948ccb5ce0da7dea209ab54702894dd0c664edd98e5d4df4b80d6fabf7b9e92b237359d21136c95bf068b2f7760b772ca974ba970202
  languageName: node
  linkType: hard

"toidentifier@npm:1.0.1":
  version: 1.0.1
  resolution: "toidentifier@npm:1.0.1"
  checksum: 952c29e2a85d7123239b5cfdd889a0dde47ab0497f0913d70588f19c53f7e0b5327c95f4651e413c74b785147f9637b17410ac8c846d5d4a20a5a33eb6dc3a45
  languageName: node
  linkType: hard

"type-is@npm:~1.6.18":
  version: 1.6.18
  resolution: "type-is@npm:1.6.18"
  dependencies:
    media-typer: 0.3.0
    mime-types: ~2.1.24
  checksum: 2c8e47675d55f8b4e404bcf529abdf5036c537a04c2b20177bcf78c9e3c1da69da3942b1346e6edb09e823228c0ee656ef0e033765ec39a70d496ef601a0c657
  languageName: node
  linkType: hard

"typescript@npm:^4.4.3":
  version: 4.7.4
  resolution: "typescript@npm:4.7.4"
  bin:
    tsc: bin/tsc
    tsserver: bin/tsserver
  checksum: 5750181b1cd7e6482c4195825547e70f944114fb47e58e4aa7553e62f11b3f3173766aef9c281783edfd881f7b8299cf35e3ca8caebe73d8464528c907a164df
  languageName: node
  linkType: hard

"typescript@patch:typescript@^4.4.3#~builtin<compat/typescript>":
  version: 4.7.4
  resolution: "typescript@patch:typescript@npm%3A4.7.4#~builtin<compat/typescript>::version=4.7.4&hash=f456af"
  bin:
    tsc: bin/tsc
    tsserver: bin/tsserver
  checksum: 9096d8f6c16cb80ef3bf96fcbbd055bf1c4a43bd14f3b7be45a9fbe7ada46ec977f604d5feed3263b4f2aa7d4c7477ce5f9cd87de0d6feedec69a983f3a4f93e
  languageName: node
  linkType: hard

"unpipe@npm:1.0.0, unpipe@npm:~1.0.0":
  version: 1.0.0
  resolution: "unpipe@npm:1.0.0"
  checksum: 4fa18d8d8d977c55cb09715385c203197105e10a6d220087ec819f50cb68870f02942244f1017565484237f1f8c5d3cd413631b1ae104d3096f24fdfde1b4aa2
  languageName: node
  linkType: hard

"url-parse@npm:~1.5.1":
  version: 1.5.10
  resolution: "url-parse@npm:1.5.10"
  dependencies:
    querystringify: ^2.1.1
    requires-port: ^1.0.0
  checksum: fbdba6b1d83336aca2216bbdc38ba658d9cfb8fc7f665eb8b17852de638ff7d1a162c198a8e4ed66001ddbf6c9888d41e4798912c62b4fd777a31657989f7bdf
  languageName: node
  linkType: hard

"utils-merge@npm:1.0.1":
  version: 1.0.1
  resolution: "utils-merge@npm:1.0.1"
  checksum: c81095493225ecfc28add49c106ca4f09cdf56bc66731aa8dabc2edbbccb1e1bfe2de6a115e5c6a380d3ea166d1636410b62ef216bb07b3feb1cfde1d95d5080
  languageName: node
  linkType: hard

"vary@npm:~1.1.2":
  version: 1.1.2
  resolution: "vary@npm:1.1.2"
  checksum: ae0123222c6df65b437669d63dfa8c36cee20a504101b2fcd97b8bf76f91259c17f9f2b4d70a1e3c6bbcee7f51b28392833adb6b2770b23b01abec84e369660b
  languageName: node
  linkType: hard

"wrappy@npm:1":
  version: 1.0.2
  resolution: "wrappy@npm:1.0.2"
  checksum: 159da4805f7e84a3d003d8841557196034155008f817172d4e986bd591f74aa82aa7db55929a54222309e01079a65a92a9e6414da5a6aa4b01ee44a511ac3ee5
  languageName: node
  linkType: hard
